
Microsoft Visual Studio Solution File, Format Version 12.00
# Visual Studio Version 17
VisualStudioVersion = 17.4.33213.308
MinimumVisualStudioVersion = 10.0.40219.1
Project("{8BC9CEB8-8B4A-11D0-8D11-00A0C91BC942}") = "SK-Lib-cstdlib-rand-Bagian6__CPP", "SK-Lib-cstdlib-rand-Bagian6__CPP\SK-Lib-cstdlib-rand-Bagian6__CPP.vcxproj", "{EBD4F826-2CB7-4993-BC6B-31A928E7E268}"
EndProject
Global
	GlobalSection(SolutionConfigurationPlatforms) = preSolution
		Debug|x64 = Debug|x64
		Debug|x86 = Debug|x86
		Release|x64 = Release|x64
		Release|x86 = Release|x86
	EndGlobalSection
	GlobalSection(ProjectConfigurationPlatforms) = postSolution
		{EBD4F826-2CB7-4993-BC6B-31A928E7E268}.Debug|x64.ActiveCfg = Debug|x64
		{EBD4F826-2CB7-4993-BC6B-31A928E7E268}.Debug|x64.Build.0 = Debug|x64
		{EBD4F826-2CB7-4993-BC6B-31A928E7E268}.Debug|x86.ActiveCfg = Debug|Win32
		{EBD4F826-2CB7-4993-BC6B-31A928E7E268}.Debug|x86.Build.0 = Debug|Win32
		{EBD4F826-2CB7-4993-BC6B-31A928E7E268}.Release|x64.ActiveCfg = Release|x64
		{EBD4F826-2CB7-4993-BC6B-31A928E7E268}.Release|x64.Build.0 = Release|x64
		{EBD4F826-2CB7-4993-BC6B-31A928E7E268}.Release|x86.ActiveCfg = Release|Win32
		{EBD4F826-2CB7-4993-BC6B-31A928E7E268}.Release|x86.Build.0 = Release|Win32
	EndGlobalSection
	GlobalSection(SolutionProperties) = preSolution
		HideSolutionNode = FALSE
	EndGlobalSection
	GlobalSection(ExtensibilityGlobals) = postSolution
		SolutionGuid = {5F69DDAA-B9C0-4D23-B5C7-9B955F85AFA0}
	EndGlobalSection
EndGlobal
